// !$*UTF8*$!
{
	archiveVersion = 1;
	classes = {
	};
	objectVersion = 51;
	objects = {

/* Begin PBXBuildFile section */
		3A24C905487FD1A41BFAC26E /* Pods_register1.framework in Frameworks */ = {isa = PBXBuildFile; fileRef = F12CE10B46D750E7E0A208E2 /* Pods_register1.framework */; };
		F44F92BE245542AF0005901A /* AppDelegate.swift in Sources */ = {isa = PBXBuildFile; fileRef = F44F92BD245542AF0005901A /* AppDelegate.swift */; };
		F44F92C0245542AF0005901A /* SceneDelegate.swift in Sources */ = {isa = PBXBuildFile; fileRef = F44F92BF245542AF0005901A /* SceneDelegate.swift */; };
		F44F92C2245542AF0005901A /* ToDoListViewController.swift in Sources */ = {isa = PBXBuildFile; fileRef = F44F92C1245542AF0005901A /* ToDoListViewController.swift */; };
		F44F92C5245542AF0005901A /* Main.storyboard in Resources */ = {isa = PBXBuildFile; fileRef = F44F92C3245542AF0005901A /* Main.storyboard */; };
		F44F92C7245542B40005901A /* Assets.xcassets in Resources */ = {isa = PBXBuildFile; fileRef = F44F92C6245542B40005901A /* Assets.xcassets */; };
		F44F92CA245542B40005901A /* LaunchScreen.storyboard in Resources */ = {isa = PBXBuildFile; fileRef = F44F92C8245542B40005901A /* LaunchScreen.storyboard */; };
		F4522E44245688280004B32D /* CategoryTableViewController.swift in Sources */ = {isa = PBXBuildFile; fileRef = F4522E43245688280004B32D /* CategoryTableViewController.swift */; };
		F4522E4D245689450004B32D /* Item.swift in Sources */ = {isa = PBXBuildFile; fileRef = F4522E4C245689450004B32D /* Item.swift */; };
		F4522E4F245689590004B32D /* Category.swift in Sources */ = {isa = PBXBuildFile; fileRef = F4522E4E245689590004B32D /* Category.swift */; };
		F49B1B61245A6DD5006BE295 /* SwipeCellViewController.swift in Sources */ = {isa = PBXBuildFile; fileRef = F49B1B60245A6DD5006BE295 /* SwipeCellViewController.swift */; };
/* End PBXBuildFile section */

/* Begin PBXFileReference section */
		C4DAC7361AA2EA5C85B7520C /* Pods-register1.release.xcconfig */ = {isa = PBXFileReference; includeInIndex = 1; lastKnownFileType = text.xcconfig; name = "Pods-register1.release.xcconfig"; path = "Target Support Files/Pods-register1/Pods-register1.release.xcconfig"; sourceTree = "<group>"; };
		C79ADF287A26997F2DBF3376 /* Pods-register1.debug.xcconfig */ = {isa = PBXFileReference; includeInIndex = 1; lastKnownFileType = text.xcconfig; name = "Pods-register1.debug.xcconfig"; path = "Target Support Files/Pods-register1/Pods-register1.debug.xcconfig"; sourceTree = "<group>"; };
		F12CE10B46D750E7E0A208E2 /* Pods_register1.framework */ = {isa = PBXFileReference; explicitFileType = wrapper.framework; includeInIndex = 0; path = Pods_register1.framework; sourceTree = BUILT_PRODUCTS_DIR; };
		F44F92BA245542AF0005901A /* register1.app */ = {isa = PBXFileReference; explicitFileType = wrapper.application; includeInIndex = 0; path = register1.app; sourceTree = BUILT_PRODUCTS_DIR; };
		F44F92BD245542AF0005901A /* AppDelegate.swift */ = {isa = PBXFileReference; lastKnownFileType = sourcecode.swift; path = AppDelegate.swift; sourceTree = "<group>"; };
		F44F92BF245542AF0005901A /* SceneDelegate.swift */ = {isa = PBXFileReference; lastKnownFileType = sourcecode.swift; path = SceneDelegate.swift; sourceTree = "<group>"; };
		F44F92C1245542AF0005901A /* ToDoListViewController.swift */ = {isa = PBXFileReference; lastKnownFileType = sourcecode.swift; path = ToDoListViewController.swift; sourceTree = "<group>"; };
		F44F92C4245542AF0005901A /* Base */ = {isa = PBXFileReference; lastKnownFileType = file.storyboard; name = Base; path = Base.lproj/Main.storyboard; sourceTree = "<group>"; };
		F44F92C6245542B40005901A /* Assets.xcassets */ = {isa = PBXFileReference; lastKnownFileType = folder.assetcatalog; path = Assets.xcassets; sourceTree = "<group>"; };
		F44F92C9245542B40005901A /* Base */ = {isa = PBXFileReference; lastKnownFileType = file.storyboard; name = Base; path = Base.lproj/LaunchScreen.storyboard; sourceTree = "<group>"; };
		F44F92CB245542B40005901A /* Info.plist */ = {isa = PBXFileReference; lastKnownFileType = text.plist.xml; path = Info.plist; sourceTree = "<group>"; };
		F4522E43245688280004B32D /* CategoryTableViewController.swift */ = {isa = PBXFileReference; lastKnownFileType = sourcecode.swift; path = CategoryTableViewController.swift; sourceTree = "<group>"; };
		F4522E4C245689450004B32D /* Item.swift */ = {isa = PBXFileReference; lastKnownFileType = sourcecode.swift; path = Item.swift; sourceTree = "<group>"; };
		F4522E4E245689590004B32D /* Category.swift */ = {isa = PBXFileReference; lastKnownFileType = sourcecode.swift; path = Category.swift; sourceTree = "<group>"; };
		F49B1B60245A6DD5006BE295 /* SwipeCellViewController.swift */ = {isa = PBXFileReference; lastKnownFileType = sourcecode.swift; path = SwipeCellViewController.swift; sourceTree = "<group>"; };
/* End PBXFileReference section */

/* Begin PBXFrameworksBuildPhase section */
		F44F92B7245542AF0005901A /* Frameworks */ = {
			isa = PBXFrameworksBuildPhase;
			buildActionMask = 2147483647;
			files = (
				3A24C905487FD1A41BFAC26E /* Pods_register1.framework in Frameworks */,
			);
			runOnlyForDeploymentPostprocessing = 0;
		};
/* End PBXFrameworksBuildPhase section */

/* Begin PBXGroup section */
		7BE291E6D0E96D0E5BECFA94 /* Pods */ = {
			isa = PBXGroup;
			children = (
				C79ADF287A26997F2DBF3376 /* Pods-register1.debug.xcconfig */,
				C4DAC7361AA2EA5C85B7520C /* Pods-register1.release.xcconfig */,
			);
			path = Pods;
			sourceTree = "<group>";
		};
		CB7DCA62945D3C399EC69B00 /* Frameworks */ = {
			isa = PBXGroup;
			children = (
				F12CE10B46D750E7E0A208E2 /* Pods_register1.framework */,
			);
			name = Frameworks;
			sourceTree = "<group>";
		};
		F44F92B1245542AF0005901A = {
			isa = PBXGroup;
			children = (
				F44F92BC245542AF0005901A /* register1 */,
				F44F92BB245542AF0005901A /* Products */,
				7BE291E6D0E96D0E5BECFA94 /* Pods */,
				CB7DCA62945D3C399EC69B00 /* Frameworks */,
			);
			sourceTree = "<group>";
		};
		F44F92BB245542AF0005901A /* Products */ = {
			isa = PBXGroup;
			children = (
				F44F92BA245542AF0005901A /* register1.app */,
			);
			name = Products;
			sourceTree = "<group>";
		};
		F44F92BC245542AF0005901A /* register1 */ = {
			isa = PBXGroup;
			children = (
				F44F92BD245542AF0005901A /* AppDelegate.swift */,
				F44F92BF245542AF0005901A /* SceneDelegate.swift */,
				F4522E45245688A90004B32D /* Controller */,
				F4522E46245688B90004B32D /* View */,
				F4522E47245688CD0004B32D /* Supporting files */,
				F44F92CB245542B40005901A /* Info.plist */,
			);
			path = register1;
			sourceTree = "<group>";
		};
		F4522E45245688A90004B32D /* Controller */ = {
			isa = PBXGroup;
			children = (
				F4522E43245688280004B32D /* CategoryTableViewController.swift */,
				F44F92C1245542AF0005901A /* ToDoListViewController.swift */,
				F49B1B60245A6DD5006BE295 /* SwipeCellViewController.swift */,
				F4522E50245689610004B32D /* Data Model */,
			);
			path = Controller;
			sourceTree = "<group>";
		};
		F4522E46245688B90004B32D /* View */ = {
			isa = PBXGroup;
			children = (
				F44F92C3245542AF0005901A /* Main.storyboard */,
			);
			path = View;
			sourceTree = "<group>";
		};
		F4522E47245688CD0004B32D /* Supporting files */ = {
			isa = PBXGroup;
			children = (
				F44F92C6245542B40005901A /* Assets.xcassets */,
				F44F92C8245542B40005901A /* LaunchScreen.storyboard */,
			);
			path = "Supporting files";
			sourceTree = "<group>";
		};
		F4522E50245689610004B32D /* Data Model */ = {
			isa = PBXGroup;
			children = (
				F4522E4E245689590004B32D /* Category.swift */,
				F4522E4C245689450004B32D /* Item.swift */,
			);
			path = "Data Model";
			sourceTree = "<group>";
		};
/* End PBXGroup section */

/* Begin PBXNativeTarget section */
		F44F92B9245542AF0005901A /* register1 */ = {
			isa = PBXNativeTarget;
			buildConfigurationList = F44F92CE245542B40005901A /* Build configuration list for PBXNativeTarget "register1" */;
			buildPhases = (
				CC54A2EAE1DA3BC8E983320D /* [CP] Check Pods Manifest.lock */,
				F44F92B6245542AF0005901A /* Sources */,
				F44F92B7245542AF0005901A /* Frameworks */,
				F44F92B8245542AF0005901A /* Resources */,
				388A7B094DAB2E7957347F3E /* [CP] Embed Pods Frameworks */,
			);
			buildRules = (
			);
			dependencies = (
			);
			name = register1;
			productName = register1;
			productReference = F44F92BA245542AF0005901A /* register1.app */;
			productType = "com.apple.product-type.application";
		};
/* End PBXNativeTarget section */

/* Begin PBXProject section */
		F44F92B2245542AF0005901A /* Project object */ = {
			isa = PBXProject;
			attributes = {
				LastSwiftUpdateCheck = 1130;
				LastUpgradeCheck = 1130;
				ORGANIZATIONNAME = "Sourabh kehar";
				TargetAttributes = {
					F44F92B9245542AF0005901A = {
						CreatedOnToolsVersion = 11.3.1;
					};
				};
			};
			buildConfigurationList = F44F92B5245542AF0005901A /* Build configuration list for PBXProject "register1" */;
			compatibilityVersion = "Xcode 9.3";
			developmentRegion = en;
			hasScannedForEncodings = 0;
			knownRegions = (
				en,
				Base,
			);
			mainGroup = F44F92B1245542AF0005901A;
			productRefGroup = F44F92BB245542AF0005901A /* Products */;
			projectDirPath = "";
			projectRoot = "";
			targets = (
				F44F92B9245542AF0005901A /* register1 */,
			);
		};
/* End PBXProject section */

/* Begin PBXResourcesBuildPhase section */
		F44F92B8245542AF0005901A /* Resources */ = {
			isa = PBXResourcesBuildPhase;
			buildActionMask = 2147483647;
			files = (
				F44F92CA245542B40005901A /* LaunchScreen.storyboard in Resources */,
				F44F92C7245542B40005901A /* Assets.xcassets in Resources */,
				F44F92C5245542AF0005901A /* Main.storyboard in Resources */,
			);
			runOnlyForDeploymentPostprocessing = 0;
		};
/* End PBXResourcesBuildPhase section */

/* Begin PBXShellScriptBuildPhase section */
		388A7B094DAB2E7957347F3E /* [CP] Embed Pods Frameworks */ = {
			isa = PBXShellScriptBuildPhase;
			buildActionMask = 2147483647;
			files = (
			);
			inputFileListPaths = (
				"${PODS_ROOT}/Target Support Files/Pods-register1/Pods-register1-frameworks-${CONFIGURATION}-input-files.xcfilelist",
			);
			name = "[CP] Embed Pods Frameworks";
			outputFileListPaths = (
				"${PODS_ROOT}/Target Support Files/Pods-register1/Pods-register1-frameworks-${CONFIGURATION}-output-files.xcfilelist",
			);
			runOnlyForDeploymentPostprocessing = 0;
			shellPath = /bin/sh;
			shellScript = "\"${PODS_ROOT}/Target Support Files/Pods-register1/Pods-register1-frameworks.sh\"\n";
			showEnvVarsInLog = 0;
		};
		CC54A2EAE1DA3BC8E983320D /* [CP] Check Pods Manifest.lock */ = {
			isa = PBXShellScriptBuildPhase;
			buildActionMask = 2147483647;
			files = (
			);
			inputFileListPaths = (
			);
			inputPaths = (
				"${PODS_PODFILE_DIR_PATH}/Podfile.lock",
				"${PODS_ROOT}/Manifest.lock",
			);
			name = "[CP] Check Pods Manifest.lock";
			outputFileListPaths = (
			);
			outputPaths = (
				"$(DERIVED_FILE_DIR)/Pods-register1-checkManifestLockResult.txt",
			);
			runOnlyForDeploymentPostprocessing = 0;
			shellPath = /bin/sh;
			shellScript = "diff \"${PODS_PODFILE_DIR_PATH}/Podfile.lock\" \"${PODS_ROOT}/Manifest.lock\" > /dev/null\nif [ $? != 0 ] ; then\n    # print error to STDERR\n    echo \"error: The sandbox is not in sync with the Podfile.lock. Run 'pod install' or update your CocoaPods installation.\" >&2\n    exit 1\nfi\n# This output is used by Xcode 'outputs' to avoid re-running this script phase.\necho \"SUCCESS\" > \"${SCRIPT_OUTPUT_FILE_0}\"\n";
			showEnvVarsInLog = 0;
		};
/* End PBXShellScriptBuildPhase section */

/* Begin PBXSourcesBuildPhase section */
		F44F92B6245542AF0005901A /* Sources */ = {
			isa = PBXSourcesBuildPhase;
			buildActionMask = 2147483647;
			files = (
				F4522E4D245689450004B32D /* Item.swift in Sources */,
				F44F92C2245542AF0005901A /* ToDoListViewController.swift in Sources */,
				F44F92BE245542AF0005901A /* AppDelegate.swift in Sources */,
				F44F92C0245542AF0005901A /* SceneDelegate.swift in Sources */,
				F4522E44245688280004B32D /* CategoryTableViewController.swift in Sources */,
				F49B1B61245A6DD5006BE295 /* SwipeCellViewController.swift in Sources */,
				F4522E4F245689590004B32D /* Category.swift in Sources */,
			);
			runOnlyForDeploymentPostprocessing = 0;
		};
/* End PBXSourcesBuildPhase section */

/* Begin PBXVariantGroup section */
		F44F92C3245542AF0005901A /* Main.storyboard */ = {
			isa = PBXVariantGroup;
			children = (
				F44F92C4245542AF0005901A /* Base */,
			);
			name = Main.storyboard;
			sourceTree = "<group>";
		};
		F44F92C8245542B40005901A /* LaunchScreen.storyboard */ = {
			isa = PBXVariantGroup;
			children = (
				F44F92C9245542B40005901A /* Base */,
			);
			name = LaunchScreen.storyboard;
			sourceTree = "<group>";
		};
/* End PBXVariantGroup section */

/* Begin XCBuildConfiguration section */
		F44F92CC245542B40005901A /* Debug */ = {
			isa = XCBuildConfiguration;
			buildSettings = {
				ALWAYS_SEARCH_USER_PATHS = NO;
				CLANG_ANALYZER_NONNULL = YES;
				CLANG_ANALYZER_NUMBER_OBJECT_CONVERSION = YES_AGGRESSIVE;
				CLANG_CXX_LANGUAGE_STANDARD = "gnu++14";
				CLANG_CXX_LIBRARY = "libc++";
				CLANG_ENABLE_MODULES = YES;
				CLANG_ENABLE_OBJC_ARC = YES;
				CLANG_ENABLE_OBJC_WEAK = YES;
				CLANG_WARN_BLOCK_CAPTURE_AUTORELEASING = YES;
				CLANG_WARN_BOOL_CONVERSION = YES;
				CLANG_WARN_COMMA = YES;
				CLANG_WARN_CONSTANT_CONVERSION = YES;
				CLANG_WARN_DEPRECATED_OBJC_IMPLEMENTATIONS = YES;
				CLANG_WARN_DIRECT_OBJC_ISA_USAGE = YES_ERROR;
				CLANG_WARN_DOCUMENTATION_COMMENTS = YES;
				CLANG_WARN_EMPTY_BODY = YES;
				CLANG_WARN_ENUM_CONVERSION = YES;
				CLANG_WARN_INFINITE_RECURSION = YES;
				CLANG_WARN_INT_CONVERSION = YES;
				CLANG_WARN_NON_LITERAL_NULL_CONVERSION = YES;
				CLANG_WARN_OBJC_IMPLICIT_RETAIN_SELF = YES;
				CLANG_WARN_OBJC_LITERAL_CONVERSION = YES;
				CLANG_WARN_OBJC_ROOT_CLASS = YES_ERROR;
				CLANG_WARN_RANGE_LOOP_ANALYSIS = YES;
				CLANG_WARN_STRICT_PROTOTYPES = YES;
				CLANG_WARN_SUSPICIOUS_MOVE = YES;
				CLANG_WARN_UNGUARDED_AVAILABILITY = YES_AGGRESSIVE;
				CLANG_WARN_UNREACHABLE_CODE = YES;
				CLANG_WARN__DUPLICATE_METHOD_MATCH = YES;
				COPY_PHASE_STRIP = NO;
				DEBUG_INFORMATION_FORMAT = dwarf;
				ENABLE_STRICT_OBJC_MSGSEND = YES;
				ENABLE_TESTABILITY = YES;
				GCC_C_LANGUAGE_STANDARD = gnu11;
				GCC_DYNAMIC_NO_PIC = NO;
				GCC_NO_COMMON_BLOCKS = YES;
				GCC_OPTIMIZATION_LEVEL = 0;
				GCC_PREPROCESSOR_DEFINITIONS = (
					"DEBUG=1",
					"$(inherited)",
				);
				GCC_WARN_64_TO_32_BIT_CONVERSION = YES;
				GCC_WARN_ABOUT_RETURN_TYPE = YES_ERROR;
				GCC_WARN_UNDECLARED_SELECTOR = YES;
				GCC_WARN_UNINITIALIZED_AUTOS = YES_AGGRESSIVE;
				GCC_WARN_UNUSED_FUNCTION = YES;
				GCC_WARN_UNUSED_VARIABLE = YES;
				IPHONEOS_DEPLOYMENT_TARGET = 13.2;
				MTL_ENABLE_DEBUG_INFO = INCLUDE_SOURCE;
				MTL_FAST_MATH = YES;
				ONLY_ACTIVE_ARCH = YES;
				SDKROOT = iphoneos;
				SWIFT_ACTIVE_COMPILATION_CONDITIONS = DEBUG;
				SWIFT_OPTIMIZATION_LEVEL = "-Onone";
			};
			name = Debug;
		};
		F44F92CD245542B40005901A /* Release */ = {
			isa = XCBuildConfiguration;
			buildSettings = {
				ALWAYS_SEARCH_USER_PATHS = NO;
				CLANG_ANALYZER_NONNULL = YES;
				CLANG_ANALYZER_NUMBER_OBJECT_CONVERSION = YES_AGGRESSIVE;
				CLANG_CXX_LANGUAGE_STANDARD = "gnu++14";
				CLANG_CXX_LIBRARY = "libc++";
				CLANG_ENABLE_MODULES = YES;
				CLANG_ENABLE_OBJC_ARC = YES;
				CLANG_ENABLE_OBJC_WEAK = YES;
				CLANG_WARN_BLOCK_CAPTURE_AUTORELEASING = YES;
				CLANG_WARN_BOOL_CONVERSION = YES;
				CLANG_WARN_COMMA = YES;
				CLANG_WARN_CONSTANT_CONVERSION = YES;
				CLANG_WARN_DEPRECATED_OBJC_IMPLEMENTATIONS = YES;
				CLANG_WARN_DIRECT_OBJC_ISA_USAGE = YES_ERROR;
				CLANG_WARN_DOCUMENTATION_COMMENTS = YES;
				CLANG_WARN_EMPTY_BODY = YES;
				CLANG_WARN_ENUM_CONVERSION = YES;
				CLANG_WARN_INFINITE_RECURSION = YES;
				CLANG_WARN_INT_CONVERSION = YES;
				CLANG_WARN_NON_LITERAL_NULL_CONVERSION = YES;
				CLANG_WARN_OBJC_IMPLICIT_RETAIN_SELF = YES;
				CLANG_WARN_OBJC_LITERAL_CONVERSION = YES;
				CLANG_WARN_OBJC_ROOT_CLASS = YES_ERROR;
				CLANG_WARN_RANGE_LOOP_ANALYSIS = YES;
				CLANG_WARN_STRICT_PROTOTYPES = YES;
				CLANG_WARN_SUSPICIOUS_MOVE = YES;
				CLANG_WARN_UNGUARDED_AVAILABILITY = YES_AGGRESSIVE;
				CLANG_WARN_UNREACHABLE_CODE = YES;
				CLANG_WARN__DUPLICATE_METHOD_MATCH = YES;
				COPY_PHASE_STRIP = NO;
				DEBUG_INFORMATION_FORMAT = "dwarf-with-dsym";
				ENABLE_NS_ASSERTIONS = NO;
				ENABLE_STRICT_OBJC_MSGSEND = YES;
				GCC_C_LANGUAGE_STANDARD = gnu11;
				GCC_NO_COMMON_BLOCKS = YES;
				GCC_WARN_64_TO_32_BIT_CONVERSION = YES;
				GCC_WARN_ABOUT_RETURN_TYPE = YES_ERROR;
				GCC_WARN_UNDECLARED_SELECTOR = YES;
				GCC_WARN_UNINITIALIZED_AUTOS = YES_AGGRESSIVE;
				GCC_WARN_UNUSED_FUNCTION = YES;
				GCC_WARN_UNUSED_VARIABLE = YES;
				IPHONEOS_DEPLOYMENT_TARGET = 13.2;
				MTL_ENABLE_DEBUG_INFO = NO;
				MTL_FAST_MATH = YES;
				SDKROOT = iphoneos;
				SWIFT_COMPILATION_MODE = wholemodule;
				SWIFT_OPTIMIZATION_LEVEL = "-O";
				VALIDATE_PRODUCT = YES;
			};
			name = Release;
		};
		F44F92CF245542B40005901A /* Debug */ = {
			isa = XCBuildConfiguration;
			baseConfigurationReference = C79ADF287A26997F2DBF3376 /* Pods-register1.debug.xcconfig */;
			buildSettings = {
				ASSETCATALOG_COMPILER_APPICON_NAME = AppIcon;
				CODE_SIGN_STYLE = Automatic;
				DEVELOPMENT_TEAM = 92A5H6TCVC;
				INFOPLIST_FILE = register1/Info.plist;
				LD_RUNPATH_SEARCH_PATHS = (
					"$(inherited)",
					"@executable_path/Frameworks",
				);
				PRODUCT_BUNDLE_IDENTIFIER = com.keharsourabh.register1;
				PRODUCT_NAME = "$(TARGET_NAME)";
				SWIFT_VERSION = 5.0;
				TARGETED_DEVICE_FAMILY = "1,2";
			};
			name = Debug;
		};
		F44F92D0245542B40005901A /* Release */ = {
			isa = XCBuildConfiguration;
			baseConfigurationReference = C4DAC7361AA2EA5C85B7520C /* Pods-register1.release.xcconfig */;
			buildSettings = {
				ASSETCATALOG_COMPILER_APPICON_NAME = AppIcon;
				CODE_SIGN_STYLE = Automatic;
				DEVELOPMENT_TEAM = 92A5H6TCVC;
				INFOPLIST_FILE = register1/Info.plist;
				LD_RUNPATH_SEARCH_PATHS = (
					"$(inherited)",
					"@executable_path/Frameworks",
				);
				PRODUCT_BUNDLE_IDENTIFIER = com.keharsourabh.register1;
				PRODUCT_NAME = "$(TARGET_NAME)";
				SWIFT_VERSION = 5.0;
				TARGETED_DEVICE_FAMILY = "1,2";
			};
			name = Release;
		};
/* End XCBuildConfiguration section */

/* Begin XCConfigurationList section */
		F44F92B5245542AF0005901A /* Build configuration list for PBXProject "register1" */ = {
			isa = XCConfigurationList;
			buildConfigurations = (
				F44F92CC245542B40005901A /* Debug */,
				F44F92CD245542B40005901A /* Release */,
			);
			defaultConfigurationIsVisible = 0;
			defaultConfigurationName = Release;
		};
		F44F92CE245542B40005901A /* Build configuration list for PBXNativeTarget "register1" */ = {
			isa = XCConfigurationList;
			buildConfigurations = (
				F44F92CF245542B40005901A /* Debug */,
				F44F92D0245542B40005901A /* Release */,
			);
			defaultConfigurationIsVisible = 0;
			defaultConfigurationName = Release;
		};
/* End XCConfigurationList section */
	};
	rootObject = F44F92B2245542AF0005901A /* Project object */;
}
